
Microsoft Visual Studio Solution File, Format Version 12.00
# Visual Studio Version 17
VisualStudioVersion = 17.10.35013.160
MinimumVisualStudioVersion = 10.0.40219.1
Project("{9A19103F-16F7-4668-BE54-9A1E7A4F7556}") = "MilkShop", "MilkShop\MilkShop.csproj", "{D90F7138-63F0-490B-80A9-AF04891E49F5}"
EndProject
Project("{9A19103F-16F7-4668-BE54-9A1E7A4F7556}") = "BusinessObjects", "BusinessObjects\BusinessObjects.csproj", "{D4088388-C0FD-4003-B416-F120568F4AA1}"
EndProject
Project("{9A19103F-16F7-4668-BE54-9A1E7A4F7556}") = "DataAccessObjects", "DataAccessObjects\DataAccessObjects.csproj", "{C53F7172-3831-4596-A42F-5D6454C91639}"
EndProject
Project("{9A19103F-16F7-4668-BE54-9A1E7A4F7556}") = "Repositories", "Repositories\Repositories.csproj", "{10CBFCEA-8D9C-4DD4-AA18-5CFEAB5E5E17}"
EndProject
Project("{9A19103F-16F7-4668-BE54-9A1E7A4F7556}") = "Services", "Services\Services.csproj", "{77C26E34-F0EF-42A3-9125-FF4FE13D2CF9}"
EndProject
Project("{FAE04EC0-301F-11D3-BF4B-00C04F79EFBC}") = "DTO", "DTO\DTO.csproj", "{58724351-2C5D-43C0-9A50-AAAADA022CBB}"
EndProject
Global
	GlobalSection(SolutionConfigurationPlatforms) = preSolution
		Debug|Any CPU = Debug|Any CPU
		Release|Any CPU = Release|Any CPU
	EndGlobalSection
	GlobalSection(ProjectConfigurationPlatforms) = postSolution
		{D90F7138-63F0-490B-80A9-AF04891E49F5}.Debug|Any CPU.ActiveCfg = Debug|Any CPU
		{D90F7138-63F0-490B-80A9-AF04891E49F5}.Debug|Any CPU.Build.0 = Debug|Any CPU
		{D90F7138-63F0-490B-80A9-AF04891E49F5}.Release|Any CPU.ActiveCfg = Release|Any CPU
		{D90F7138-63F0-490B-80A9-AF04891E49F5}.Release|Any CPU.Build.0 = Release|Any CPU
		{D4088388-C0FD-4003-B416-F120568F4AA1}.Debug|Any CPU.ActiveCfg = Debug|Any CPU
		{D4088388-C0FD-4003-B416-F120568F4AA1}.Debug|Any CPU.Build.0 = Debug|Any CPU
		{D4088388-C0FD-4003-B416-F120568F4AA1}.Release|Any CPU.ActiveCfg = Release|Any CPU
		{D4088388-C0FD-4003-B416-F120568F4AA1}.Release|Any CPU.Build.0 = Release|Any CPU
		{C53F7172-3831-4596-A42F-5D6454C91639}.Debug|Any CPU.ActiveCfg = Debug|Any CPU
		{C53F7172-3831-4596-A42F-5D6454C91639}.Debug|Any CPU.Build.0 = Debug|Any CPU
		{C53F7172-3831-4596-A42F-5D6454C91639}.Release|Any CPU.ActiveCfg = Release|Any CPU
		{C53F7172-3831-4596-A42F-5D6454C91639}.Release|Any CPU.Build.0 = Release|Any CPU
		{10CBFCEA-8D9C-4DD4-AA18-5CFEAB5E5E17}.Debug|Any CPU.ActiveCfg = Debug|Any CPU
		{10CBFCEA-8D9C-4DD4-AA18-5CFEAB5E5E17}.Debug|Any CPU.Build.0 = Debug|Any CPU
		{10CBFCEA-8D9C-4DD4-AA18-5CFEAB5E5E17}.Release|Any CPU.ActiveCfg = Release|Any CPU
		{10CBFCEA-8D9C-4DD4-AA18-5CFEAB5E5E17}.Release|Any CPU.Build.0 = Release|Any CPU
		{77C26E34-F0EF-42A3-9125-FF4FE13D2CF9}.Debug|Any CPU.ActiveCfg = Debug|Any CPU
		{77C26E34-F0EF-42A3-9125-FF4FE13D2CF9}.Debug|Any CPU.Build.0 = Debug|Any CPU
		{77C26E34-F0EF-42A3-9125-FF4FE13D2CF9}.Release|Any CPU.ActiveCfg = Release|Any CPU
		{77C26E34-F0EF-42A3-9125-FF4FE13D2CF9}.Release|Any CPU.Build.0 = Release|Any CPU
		{58724351-2C5D-43C0-9A50-AAAADA022CBB}.Debug|Any CPU.ActiveCfg = Debug|Any CPU
		{58724351-2C5D-43C0-9A50-AAAADA022CBB}.Debug|Any CPU.Build.0 = Debug|Any CPU
		{58724351-2C5D-43C0-9A50-AAAADA022CBB}.Release|Any CPU.ActiveCfg = Release|Any CPU
		{58724351-2C5D-43C0-9A50-AAAADA022CBB}.Release|Any CPU.Build.0 = Release|Any CPU
	EndGlobalSection
	GlobalSection(SolutionProperties) = preSolution
		HideSolutionNode = FALSE
	EndGlobalSection
	GlobalSection(ExtensibilityGlobals) = postSolution
		SolutionGuid = {6A36B59D-9B1F-4F15-B070-611B1B48656B}
	EndGlobalSection
EndGlobal
